# This file is automatically @generated by Poetry 2.1.1 and should not be changed by hand.

[[package]]
name = "anyio"
version = "4.11.0"
description = "High-level concurrency and networking framework on top of asyncio or Trio"
optional = false
python-versions = ">=3.9"
groups = ["main"]
files = [
    {file = "anyio-4.11.0-py3-none-any.whl", hash = "sha256:0287e96f4d26d4149305414d4e3bc32f0dcd0862365a4bddea19d7a1ec38c4fc"},
    {file = "anyio-4.11.0.tar.gz", hash = "sha256:82a8d0b81e318cc5ce71a5f1f8b5c4e63619620b63141ef8c995fa0db95a57c4"},
]

[package.dependencies]
idna = ">=2.8"
sniffio = ">=1.1"
typing_extensions = {version = ">=4.5", markers = "python_version < \"3.13\""}

[package.extras]
trio = ["trio (>=0.31.0)"]

[[package]]
name = "astroid"
version = "4.0.1"
description = "An abstract syntax tree for Python with inference support."
optional = false
python-versions = ">=3.10.0"
groups = ["main"]
files = [
    {file = "astroid-4.0.1-py3-none-any.whl", hash = "sha256:37ab2f107d14dc173412327febf6c78d39590fdafcb44868f03b6c03452e3db0"},
    {file = "astroid-4.0.1.tar.gz", hash = "sha256:0d778ec0def05b935e198412e62f9bcca8b3b5c39fdbe50b0ba074005e477aab"},
]

[[package]]
name = "certifi"
version = "2025.10.5"
description = "Python package for providing Mozilla's CA Bundle."
optional = false
python-versions = ">=3.7"
groups = ["main"]
files = [
    {file = "certifi-2025.10.5-py3-none-any.whl", hash = "sha256:0f212c2744a9bb6de0c56639a6f68afe01ecd92d91f14ae897c4fe7bbeeef0de"},
    {file = "certifi-2025.10.5.tar.gz", hash = "sha256:47c09d31ccf2acf0be3f701ea53595ee7e0b8fa08801c6624be771df09ae7b43"},
]

[[package]]
name = "colorama"
version = "0.4.6"
description = "Cross-platform colored terminal text."
optional = false
python-versions = "!=3.0.*,!=3.1.*,!=3.2.*,!=3.3.*,!=3.4.*,!=3.5.*,!=3.6.*,>=2.7"
groups = ["main"]
markers = "sys_platform == \"win32\""
files = [
    {file = "colorama-0.4.6-py2.py3-none-any.whl", hash = "sha256:4f1d9991f5acc0ca119f9d443620b77f9d6b33703e51011c16baf57afb285fc6"},
    {file = "colorama-0.4.6.tar.gz", hash = "sha256:08695f5cb7ed6e0531a20572697297273c47b8cae5a63ffc6d6ed5c201be6e44"},
]

[[package]]
name = "dill"
version = "0.4.0"
description = "serialize all of Python"
optional = false
python-versions = ">=3.8"
groups = ["main"]
files = [
    {file = "dill-0.4.0-py3-none-any.whl", hash = "sha256:44f54bf6412c2c8464c14e8243eb163690a9800dbe2c367330883b19c7561049"},
    {file = "dill-0.4.0.tar.gz", hash = "sha256:0633f1d2df477324f53a895b02c901fb961bdbf65a17122586ea7019292cbcf0"},
]

[package.extras]
graph = ["objgraph (>=1.7.2)"]
profile = ["gprof2dot (>=2022.7.29)"]

[[package]]
name = "grpcio"
version = "1.76.0"
description = "HTTP/2-based RPC framework"
optional = false
python-versions = ">=3.9"
groups = ["main"]
files = [
    {file = "grpcio-1.76.0-cp310-cp310-linux_armv7l.whl", hash = "sha256:65a20de41e85648e00305c1bb09a3598f840422e522277641145a32d42dcefcc"},
    {file = "grpcio-1.76.0-cp310-cp310-macosx_11_0_universal2.whl", hash = "sha256:40ad3afe81676fd9ec6d9d406eda00933f218038433980aa19d401490e46ecde"},
    {file = "grpcio-1.76.0-cp310-cp310-manylinux2014_aarch64.manylinux_2_17_aarch64.whl", hash = "sha256:035d90bc79eaa4bed83f524331d55e35820725c9fbb00ffa1904d5550ed7ede3"},
    {file = "grpcio-1.76.0-cp310-cp310-manylinux2014_i686.manylinux_2_17_i686.whl", hash = "sha256:4215d3a102bd95e2e11b5395c78562967959824156af11fa93d18fdd18050990"},
    {file = "grpcio-1.76.0-cp310-cp310-manylinux2014_x86_64.manylinux_2_17_x86_64.whl", hash = "sha256:49ce47231818806067aea3324d4bf13825b658ad662d3b25fada0bdad9b8a6af"},
    {file = "grpcio-1.76.0-cp310-cp310-musllinux_1_2_aarch64.whl", hash = "sha256:8cc3309d8e08fd79089e13ed4819d0af72aa935dd8f435a195fd152796752ff2"},
    {file = "grpcio-1.76.0-cp310-cp310-musllinux_1_2_i686.whl", hash = "sha256:971fd5a1d6e62e00d945423a567e42eb1fa678ba89072832185ca836a94daaa6"},
    {file = "grpcio-1.76.0-cp310-cp310-musllinux_1_2_x86_64.whl", hash = "sha256:9d9adda641db7207e800a7f089068f6f645959f2df27e870ee81d44701dd9db3"},
    {file = "grpcio-1.76.0-cp310-cp310-win32.whl", hash = "sha256:063065249d9e7e0782d03d2bca50787f53bd0fb89a67de9a7b521c4a01f1989b"},
    {file = "grpcio-1.76.0-cp310-cp310-win_amd64.whl", hash = "sha256:a6ae758eb08088d36812dd5d9af7a9859c05b1e0f714470ea243694b49278e7b"},
    {file = "grpcio-1.76.0-cp311-cp311-linux_armv7l.whl", hash = "sha256:2e1743fbd7f5fa713a1b0a8ac8ebabf0ec980b5d8809ec358d488e273b9cf02a"},
    {file = "grpcio-1.76.0-cp311-cp311-macosx_11_0_universal2.whl", hash = "sha256:a8c2cf1209497cf659a667d7dea88985e834c24b7c3b605e6254cbb5076d985c"},
    {file = "grpcio-1.76.0-cp311-cp311-manylinux2014_aarch64.manylinux_2_17_aarch64.whl", hash = "sha256:08caea849a9d3c71a542827d6df9d5a69067b0a1efbea8a855633ff5d9571465"},
    {file = "grpcio-1.76.0-cp311-cp311-manylinux2014_i686.manylinux_2_17_i686.whl", hash = "sha256:f0e34c2079d47ae9f6188211db9e777c619a21d4faba6977774e8fa43b085e48"},
    {file = "grpcio-1.76.0-cp311-cp311-manylinux2014_x86_64.manylinux_2_17_x86_64.whl", hash = "sha256:8843114c0cfce61b40ad48df65abcfc00d4dba82eae8718fab5352390848c5da"},
    {file = "grpcio-1.76.0-cp311-cp311-musllinux_1_2_aarch64.whl", hash = "sha256:8eddfb4d203a237da6f3cc8a540dad0517d274b5a1e9e636fd8d2c79b5c1d397"},
    {file = "grpcio-1.76.0-cp311-cp311-musllinux_1_2_i686.whl", hash = "sha256:32483fe2aab2c3794101c2a159070584e5db11d0aa091b2c0ea9c4fc43d0d749"},
    {file = "grpcio-1.76.0-cp311-cp311-musllinux_1_2_x86_64.whl", hash = "sha256:dcfe41187da8992c5f40aa8c5ec086fa3672834d2be57a32384c08d5a05b4c00"},
    {file = "grpcio-1.76.0-cp311-cp311-win32.whl", hash = "sha256:2107b0c024d1b35f4083f11245c0e23846ae64d02f40b2b226684840260ed054"},
    {file = "grpcio-1.76.0-cp311-cp311-win_amd64.whl", hash = "sha256:522175aba7af9113c48ec10cc471b9b9bd4f6ceb36aeb4544a8e2c80ed9d252d"},
    {file = "grpcio-1.76.0-cp312-cp312-linux_armv7l.whl", hash = "sha256:81fd9652b37b36f16138611c7e884eb82e0cec137c40d3ef7c3f9b3ed00f6ed8"},
    {file = "grpcio-1.76.0-cp312-cp312-macosx_11_0_universal2.whl", hash = "sha256:04bbe1bfe3a68bbfd4e52402ab7d4eb59d72d02647ae2042204326cf4bbad280"},
    {file = "grpcio-1.76.0-cp312-cp312-manylinux2014_aarch64.manylinux_2_17_aarch64.whl", hash = "sha256:d388087771c837cdb6515539f43b9d4bf0b0f23593a24054ac16f7a960be16f4"},
    {file = "grpcio-1.76.0-cp312-cp312-manylinux2014_i686.manylinux_2_17_i686.whl", hash = "sha256:9f8f757bebaaea112c00dba718fc0d3260052ce714e25804a03f93f5d1c6cc11"},
    {file = "grpcio-1.76.0-cp312-cp312-manylinux2014_x86_64.manylinux_2_17_x86_64.whl", hash = "sha256:980a846182ce88c4f2f7e2c22c56aefd515daeb36149d1c897f83cf57999e0b6"},
    {file = "grpcio-1.76.0-cp312-cp312-musllinux_1_2_aarch64.whl", hash = "sha256:f92f88e6c033db65a5ae3d97905c8fea9c725b63e28d5a75cb73b49bda5024d8"},
    {file = "grpcio-1.76.0-cp312-cp312-musllinux_1_2_i686.whl", hash = "sha256:4baf3cbe2f0be3289eb68ac8ae771156971848bb8aaff60bad42005539431980"},
    {file = "grpcio-1.76.0-cp312-cp312-musllinux_1_2_x86_64.whl", hash = "sha256:615ba64c208aaceb5ec83bfdce7728b80bfeb8be97562944836a7a0a9647d882"},
    {file = "grpcio-1.76.0-cp312-cp312-win32.whl", hash = "sha256:45d59a649a82df5718fd9527ce775fd66d1af35e6d31abdcdc906a49c6822958"},
    {file = "grpcio-1.76.0-cp312-cp312-win_amd64.whl", hash = "sha256:c088e7a90b6017307f423efbb9d1ba97a22aa2170876223f9709e9d1de0b5347"},
    {file = "grpcio-1.76.0-cp313-cp313-linux_armv7l.whl", hash = "sha256:26ef06c73eb53267c2b319f43e6634c7556ea37672029241a056629af27c10e2"},
    {file = "grpcio-1.76.0-cp313-cp313-macosx_11_0_universal2.whl", hash = "sha256:45e0111e73f43f735d70786557dc38141185072d7ff8dc1829d6a77ac1471468"},
    {file = "grpcio-1.76.0-cp313-cp313-manylinux2014_aarch64.manylinux_2_17_aarch64.whl", hash = "sha256:83d57312a58dcfe2a3a0f9d1389b299438909a02db60e2f2ea2ae2d8034909d3"},
    {file = "grpcio-1.76.0-cp313-cp313-manylinux2014_i686.manylinux_2_17_i686.whl", hash = "sha256:3e2a27c89eb9ac3d81ec8835e12414d73536c6e620355d65102503064a4ed6eb"},
    {file = "grpcio-1.76.0-cp313-cp313-manylinux2014_x86_64.manylinux_2_17_x86_64.whl", hash = "sha256:61f69297cba3950a524f61c7c8ee12e55c486cb5f7db47ff9dcee33da6f0d3ae"},
    {file = "grpcio-1.76.0-cp313-cp313-musllinux_1_2_aarch64.whl", hash = "sha256:6a15c17af8839b6801d554263c546c69c4d7718ad4321e3166175b37eaacca77"},
    {file = "grpcio-1.76.0-cp313-cp313-musllinux_1_2_i686.whl", hash = "sha256:25a18e9810fbc7e7f03ec2516addc116a957f8cbb8cbc95ccc80faa072743d03"},
    {file = "grpcio-1.76.0-cp313-cp313-musllinux_1_2_x86_64.whl", hash = "sha256:931091142fd8cc14edccc0845a79248bc155425eee9a98b2db2ea4f00a235a42"},
    {file = "grpcio-1.76.0-cp313-cp313-win32.whl", hash = "sha256:5e8571632780e08526f118f74170ad8d50fb0a48c23a746bef2a6ebade3abd6f"},
    {file = "grpcio-1.76.0-cp313-cp313-win_amd64.whl", hash = "sha256:f9f7bd5faab55f47231ad8dba7787866b69f5e93bc306e3915606779bbfb4ba8"},
    {file = "grpcio-1.76.0-cp314-cp314-linux_armv7l.whl", hash = "sha256:ff8a59ea85a1f2191a0ffcc61298c571bc566332f82e5f5be1b83c9d8e668a62"},
    {file = "grpcio-1.76.0-cp314-cp314-macosx_11_0_universal2.whl", hash = "sha256:06c3d6b076e7b593905d04fdba6a0525711b3466f43b3400266f04ff735de0cd"},
    {file = "grpcio-1.76.0-cp314-cp314-manylinux2014_aarch64.manylinux_2_17_aarch64.whl", hash = "sha256:fd5ef5932f6475c436c4a55e4336ebbe47bd3272be04964a03d316bbf4afbcbc"},
    {file = "grpcio-1.76.0-cp314-cp314-manylinux2014_i686.manylinux_2_17_i686.whl", hash = "sha256:b331680e46239e090f5b3cead313cc772f6caa7d0fc8de349337563125361a4a"},
    {file = "grpcio-1.76.0-cp314-cp314-manylinux2014_x86_64.manylinux_2_17_x86_64.whl", hash = "sha256:2229ae655ec4e8999599469559e97630185fdd53ae1e8997d147b7c9b2b72cba"},
    {file = "grpcio-1.76.0-cp314-cp314-musllinux_1_2_aarch64.whl", hash = "sha256:490fa6d203992c47c7b9e4a9d39003a0c2bcc1c9aa3c058730884bbbb0ee9f09"},
    {file = "grpcio-1.76.0-cp314-cp314-musllinux_1_2_i686.whl", hash = "sha256:479496325ce554792dba6548fae3df31a72cef7bad71ca2e12b0e58f9b336bfc"},
    {file = "grpcio-1.76.0-cp314-cp314-musllinux_1_2_x86_64.whl", hash = "sha256:1c9b93f79f48b03ada57ea24725d83a30284a012ec27eab2cf7e50a550cbbbcc"},
    {file = "grpcio-1.76.0-cp314-cp314-win32.whl", hash = "sha256:747fa73efa9b8b1488a95d0ba1039c8e2dca0f741612d80415b1e1c560febf4e"},
    {file = "grpcio-1.76.0-cp314-cp314-win_amd64.whl", hash = "sha256:922fa70ba549fce362d2e2871ab542082d66e2aaf0c19480ea453905b01f384e"},
    {file = "grpcio-1.76.0-cp39-cp39-linux_armv7l.whl", hash = "sha256:8ebe63ee5f8fa4296b1b8cfc743f870d10e902ca18afc65c68cf46fd39bb0783"},
    {file = "grpcio-1.76.0-cp39-cp39-macosx_11_0_universal2.whl", hash = "sha256:3bf0f392c0b806905ed174dcd8bdd5e418a40d5567a05615a030a5aeddea692d"},
    {file = "grpcio-1.76.0-cp39-cp39-manylinux2014_aarch64.manylinux_2_17_aarch64.whl", hash = "sha256:0b7604868b38c1bfd5cf72d768aedd7db41d78cb6a4a18585e33fb0f9f2363fd"},
    {file = "grpcio-1.76.0-cp39-cp39-manylinux2014_i686.manylinux_2_17_i686.whl", hash = "sha256:e6d1db20594d9daba22f90da738b1a0441a7427552cc6e2e3d1297aeddc00378"},
    {file = "grpcio-1.76.0-cp39-cp39-manylinux2014_x86_64.manylinux_2_17_x86_64.whl", hash = "sha256:d099566accf23d21037f18a2a63d323075bebace807742e4b0ac210971d4dd70"},
    {file = "grpcio-1.76.0-cp39-cp39-musllinux_1_2_aarch64.whl", hash = "sha256:ebea5cc3aa8ea72e04df9913492f9a96d9348db876f9dda3ad729cfedf7ac416"},
    {file = "grpcio-1.76.0-cp39-cp39-musllinux_1_2_i686.whl", hash = "sha256:0c37db8606c258e2ee0c56b78c62fc9dee0e901b5dbdcf816c2dd4ad652b8b0c"},
    {file = "grpcio-1.76.0-cp39-cp39-musllinux_1_2_x86_64.whl", hash = "sha256:ebebf83299b0cb1721a8859ea98f3a77811e35dce7609c5c963b9ad90728f886"},
    {file = "grpcio-1.76.0-cp39-cp39-win32.whl", hash = "sha256:0aaa82d0813fd4c8e589fac9b65d7dd88702555f702fb10417f96e2a2a6d4c0f"},
    {file = "grpcio-1.76.0-cp39-cp39-win_amd64.whl", hash = "sha256:acab0277c40eff7143c2323190ea57b9ee5fd353d8190ee9652369fae735668a"},
    {file = "grpcio-1.76.0.tar.gz", hash = "sha256:7be78388d6da1a25c0d5ec506523db58b18be22d9c37d8d3a32c08be4987bd73"},
]

[package.dependencies]
typing-extensions = ">=4.12,<5.0"

[package.extras]
protobuf = ["grpcio-tools (>=1.76.0)"]

[[package]]
name = "grpcio-tools"
version = "1.76.0"
description = "Protobuf code generator for gRPC"
optional = false
python-versions = ">=3.9"
groups = ["main"]
files = [
    {file = "grpcio_tools-1.76.0-cp310-cp310-linux_armv7l.whl", hash = "sha256:9b99086080ca394f1da9894ee20dedf7292dd614e985dcba58209a86a42de602"},
    {file = "grpcio_tools-1.76.0-cp310-cp310-macosx_11_0_universal2.whl", hash = "sha256:8d95b5c2394bbbe911cbfc88d15e24c9e174958cb44dad6aa8c46fe367f6cc2a"},
    {file = "grpcio_tools-1.76.0-cp310-cp310-manylinux2014_aarch64.manylinux_2_17_aarch64.whl", hash = "sha256:d54e9ce2ffc5d01341f0c8898c1471d887ae93d77451884797776e0a505bd503"},
    {file = "grpcio_tools-1.76.0-cp310-cp310-manylinux2014_i686.manylinux_2_17_i686.whl", hash = "sha256:c83f39f64c2531336bd8d5c846a2159c9ea6635508b0f8ed3ad0d433e25b53c9"},
    {file = "grpcio_tools-1.76.0-cp310-cp310-manylinux2014_x86_64.manylinux_2_17_x86_64.whl", hash = "sha256:be480142fae0d986d127d6cb5cbc0357e4124ba22e96bb8b9ece32c48bc2c8ea"},
    {file = "grpcio_tools-1.76.0-cp310-cp310-musllinux_1_2_aarch64.whl", hash = "sha256:7fefd41fc4ca11fab36f42bdf0f3812252988f8798fca8bec8eae049418deacd"},
    {file = "grpcio_tools-1.76.0-cp310-cp310-musllinux_1_2_i686.whl", hash = "sha256:63551f371082173e259e7f6ec24b5f1fe7d66040fadd975c966647bca605a2d3"},
    {file = "grpcio_tools-1.76.0-cp310-cp310-musllinux_1_2_x86_64.whl", hash = "sha256:75a2c34584c99ff47e5bb267866e7dec68d30cd3b2158e1ee495bfd6db5ad4f0"},
    {file = "grpcio_tools-1.76.0-cp310-cp310-win32.whl", hash = "sha256:908758789b0a612102c88e8055b7191eb2c4290d5d6fc50fb9cac737f8011ef1"},
    {file = "grpcio_tools-1.76.0-cp310-cp310-win_amd64.whl", hash = "sha256:ec6e49e7c4b2a222eb26d1e1726a07a572b6e629b2cf37e6bb784c9687904a52"},
    {file = "grpcio_tools-1.76.0-cp311-cp311-linux_armv7l.whl", hash = "sha256:c6480f6af6833850a85cca1c6b435ef4ffd2ac8e88ef683b4065233827950243"},
    {file = "grpcio_tools-1.76.0-cp311-cp311-macosx_11_0_universal2.whl", hash = "sha256:c7c23fe1dc09818e16a48853477806ad77dd628b33996f78c05a293065f8210c"},
    {file = "grpcio_tools-1.76.0-cp311-cp311-manylinux2014_aarch64.manylinux_2_17_aarch64.whl", hash = "sha256:fcdce7f7770ff052cd4e60161764b0b3498c909bde69138f8bd2e7b24a3ecd8f"},
    {file = "grpcio_tools-1.76.0-cp311-cp311-manylinux2014_i686.manylinux_2_17_i686.whl", hash = "sha256:b598fdcebffa931c7da5c9e90b5805fff7e9bc6cf238319358a1b85704c57d33"},
    {file = "grpcio_tools-1.76.0-cp311-cp311-manylinux2014_x86_64.manylinux_2_17_x86_64.whl", hash = "sha256:6a9818ff884796b12dcf8db32126e40ec1098cacf5697f27af9cfccfca1c1fae"},
    {file = "grpcio_tools-1.76.0-cp311-cp311-musllinux_1_2_aarch64.whl", hash = "sha256:105e53435b2eed3961da543db44a2a34479d98d18ea248219856f30a0ca4646b"},
    {file = "grpcio_tools-1.76.0-cp311-cp311-musllinux_1_2_i686.whl", hash = "sha256:454a1232c7f99410d92fa9923c7851fd4cdaf657ee194eac73ea1fe21b406d6e"},
    {file = "grpcio_tools-1.76.0-cp311-cp311-musllinux_1_2_x86_64.whl", hash = "sha256:ca9ccf667afc0268d45ab202af4556c72e57ea36ebddc93535e1a25cbd4f8aba"},
    {file = "grpcio_tools-1.76.0-cp311-cp311-win32.whl", hash = "sha256:a83c87513b708228b4cad7619311daba65b40937745103cadca3db94a6472d9c"},
    {file = "grpcio_tools-1.76.0-cp311-cp311-win_amd64.whl", hash = "sha256:2ce5e87ec71f2e4041dce4351f2a8e3b713e3bca6b54c69c3fbc6c7ad1f4c386"},
    {file = "grpcio_tools-1.76.0-cp312-cp312-linux_armv7l.whl", hash = "sha256:4ad555b8647de1ebaffb25170249f89057721ffb74f7da96834a07b4855bb46a"},
    {file = "grpcio_tools-1.76.0-cp312-cp312-macosx_11_0_universal2.whl", hash = "sha256:243af7c8fc7ff22a40a42eb8e0f6f66963c1920b75aae2a2ec503a9c3c8b31c1"},
    {file = "grpcio_tools-1.76.0-cp312-cp312-manylinux2014_aarch64.manylinux_2_17_aarch64.whl", hash = "sha256:8207b890f423142cc0025d041fb058f7286318df6a049565c27869d73534228b"},
    {file = "grpcio_tools-1.76.0-cp312-cp312-manylinux2014_i686.manylinux_2_17_i686.whl", hash = "sha256:3dafa34c2626a6691d103877e8a145f54c34cf6530975f695b396ed2fc5c98f8"},
    {file = "grpcio_tools-1.76.0-cp312-cp312-manylinux2014_x86_64.manylinux_2_17_x86_64.whl", hash = "sha256:30f1d2dda6ece285b3d9084e94f66fa721ebdba14ae76b2bc4c581c8a166535c"},
    {file = "grpcio_tools-1.76.0-cp312-cp312-musllinux_1_2_aarch64.whl", hash = "sha256:a889af059dc6dbb82d7b417aa581601316e364fe12eb54c1b8d95311ea50916d"},
    {file = "grpcio_tools-1.76.0-cp312-cp312-musllinux_1_2_i686.whl", hash = "sha256:c3f2c3c44c56eb5d479ab178f0174595d0a974c37dade442f05bb73dfec02f31"},
    {file = "grpcio_tools-1.76.0-cp312-cp312-musllinux_1_2_x86_64.whl", hash = "sha256:479ce02dff684046f909a487d452a83a96b4231f7c70a3b218a075d54e951f56"},
    {file = "grpcio_tools-1.76.0-cp312-cp312-win32.whl", hash = "sha256:9ba4bb539936642a44418b38ee6c3e8823c037699e2cb282bd8a44d76a4be833"},
    {file = "grpcio_tools-1.76.0-cp312-cp312-win_amd64.whl", hash = "sha256:0cd489016766b05f9ed8a6b6596004b62c57d323f49593eac84add032a6d43f7"},
    {file = "grpcio_tools-1.76.0-cp313-cp313-linux_armv7l.whl", hash = "sha256:ff48969f81858397ef33a36b326f2dbe2053a48b254593785707845db73c8f44"},
    {file = "grpcio_tools-1.76.0-cp313-cp313-macosx_11_0_universal2.whl", hash = "sha256:aa2f030fd0ef17926026ee8e2b700e388d3439155d145c568fa6b32693277613"},
    {file = "grpcio_tools-1.76.0-cp313-cp313-manylinux2014_aarch64.manylinux_2_17_aarch64.whl", hash = "sha256:bacbf3c54f88c38de8e28f8d9b97c90b76b105fb9ddef05d2c50df01b32b92af"},
    {file = "grpcio_tools-1.76.0-cp313-cp313-manylinux2014_i686.manylinux_2_17_i686.whl", hash = "sha256:0d4e4afe9a0e3c24fad2f1af45f98cf8700b2bfc4d790795756ba035d2ea7bdc"},
    {file = "grpcio_tools-1.76.0-cp313-cp313-manylinux2014_x86_64.manylinux_2_17_x86_64.whl", hash = "sha256:fbbd4e1fc5af98001ceef5e780e8c10921d94941c3809238081e73818ef707f1"},
    {file = "grpcio_tools-1.76.0-cp313-cp313-musllinux_1_2_aarch64.whl", hash = "sha256:b05efe5a59883ab8292d596657273a60e0c3e4f5a9723c32feb9fc3a06f2f3ef"},
    {file = "grpcio_tools-1.76.0-cp313-cp313-musllinux_1_2_i686.whl", hash = "sha256:be483b90e62b7892eb71fa1fc49750bee5b2ee35b5ec99dd2b32bed4bedb5d71"},
    {file = "grpcio_tools-1.76.0-cp313-cp313-musllinux_1_2_x86_64.whl", hash = "sha256:630cd7fd3e8a63e20703a7ad816979073c2253e591b5422583c27cae2570de73"},
    {file = "grpcio_tools-1.76.0-cp313-cp313-win32.whl", hash = "sha256:eb2567280f9f6da5444043f0e84d8408c7a10df9ba3201026b30e40ef3814736"},
    {file = "grpcio_tools-1.76.0-cp313-cp313-win_amd64.whl", hash = "sha256:0071b1c0bd0f5f9d292dca4efab32c92725d418e57f9c60acdc33c0172af8b53"},
    {file = "grpcio_tools-1.76.0-cp314-cp314-linux_armv7l.whl", hash = "sha256:c53c5719ef2a435997755abde3826ba4087174bd432aa721d8fac781fcea79e4"},
    {file = "grpcio_tools-1.76.0-cp314-cp314-macosx_11_0_universal2.whl", hash = "sha256:e3db1300d7282264639eeee7243f5de7e6a7c0283f8bf05d66c0315b7b0f0b36"},
    {file = "grpcio_tools-1.76.0-cp314-cp314-manylinux2014_aarch64.manylinux_2_17_aarch64.whl", hash = "sha256:0b018a4b7455a7e8c16d0fdb3655a6ba6c9536da6de6c5d4f11b6bb73378165b"},
    {file = "grpcio_tools-1.76.0-cp314-cp314-manylinux2014_i686.manylinux_2_17_i686.whl", hash = "sha256:ec6e4de3866e47cfde56607b1fae83ecc5aa546e06dec53de11f88063f4b5275"},
    {file = "grpcio_tools-1.76.0-cp314-cp314-manylinux2014_x86_64.manylinux_2_17_x86_64.whl", hash = "sha256:b8da4d828883913f1852bdd67383713ae5c11842f6c70f93f31893eab530aead"},
    {file = "grpcio_tools-1.76.0-cp314-cp314-musllinux_1_2_aarch64.whl", hash = "sha256:5c120c2cf4443121800e7f9bcfe2e94519fa25f3bb0b9882359dd3b252c78a7b"},
    {file = "grpcio_tools-1.76.0-cp314-cp314-musllinux_1_2_i686.whl", hash = "sha256:8b7df5591d699cd9076065f1f15049e9c3597e0771bea51c8c97790caf5e4197"},
    {file = "grpcio_tools-1.76.0-cp314-cp314-musllinux_1_2_x86_64.whl", hash = "sha256:a25048c5f984d33e3f5b6ad7618e98736542461213ade1bd6f2fcfe8ce804e3d"},
    {file = "grpcio_tools-1.76.0-cp314-cp314-win32.whl", hash = "sha256:4b77ce6b6c17869858cfe14681ad09ed3a8a80e960e96035de1fd87f78158740"},
    {file = "grpcio_tools-1.76.0-cp314-cp314-win_amd64.whl", hash = "sha256:2ccd2c8d041351cc29d0fc4a84529b11ee35494a700b535c1f820b642f2a72fc"},
    {file = "grpcio_tools-1.76.0-cp39-cp39-linux_armv7l.whl", hash = "sha256:12e1186b0256414a9153d414e4852e7282863a8173ebcee67b3ebe2e1c47a755"},
    {file = "grpcio_tools-1.76.0-cp39-cp39-macosx_11_0_universal2.whl", hash = "sha256:14c17014d2349b9954385bee487f51979b4b7f9067017099ae45c4f93360d373"},
    {file = "grpcio_tools-1.76.0-cp39-cp39-manylinux2014_aarch64.manylinux_2_17_aarch64.whl", hash = "sha256:888346b8b3f4152953626e38629ade9d79940ae85c8fd539ce39b72602191fb2"},
    {file = "grpcio_tools-1.76.0-cp39-cp39-manylinux2014_i686.manylinux_2_17_i686.whl", hash = "sha256:cb0cc0b3edf1f076b2475a98122a51f3f3358b9a740dedff1a9a4dec6477ef96"},
    {file = "grpcio_tools-1.76.0-cp39-cp39-manylinux2014_x86_64.manylinux_2_17_x86_64.whl", hash = "sha256:cbc16156ba2533e5bad16ff1648213dc3b0a0b0e4de6d17b65e8d60578014002"},
    {file = "grpcio_tools-1.76.0-cp39-cp39-musllinux_1_2_aarch64.whl", hash = "sha256:f919e480983e610263846dbeab22ad808ad0fac6d4bd15c52e9f7f80d1f08479"},
    {file = "grpcio_tools-1.76.0-cp39-cp39-musllinux_1_2_i686.whl", hash = "sha256:fdd8b382ed21d7d429a9879198743abead0b08ad2249b554fd2f2395450bcdf1"},
    {file = "grpcio_tools-1.76.0-cp39-cp39-musllinux_1_2_x86_64.whl", hash = "sha256:fe0cc10dd31ac01cadc8af1ce7877cc770bc2a71aa96569bc3c1897c1eac0116"},
    {file = "grpcio_tools-1.76.0-cp39-cp39-win32.whl", hash = "sha256:6ae1d11477b05baead0fce051dece86a0e79d9b592245e0026c998da11c278c4"},
    {file = "grpcio_tools-1.76.0-cp39-cp39-win_amd64.whl", hash = "sha256:2d7679680a456528b9a71a2589cb24d3dd82ec34327281f5695077a567dee433"},
    {file = "grpcio_tools-1.76.0.tar.gz", hash = "sha256:ce80169b5e6adf3e8302f3ebb6cb0c3a9f08089133abca4b76ad67f751f5ad88"},
]

[package.dependencies]
grpcio = ">=1.76.0"
protobuf = ">=6.31.1,<7.0.0"
setuptools = "*"

[[package]]
name = "h11"
version = "0.16.0"
description = "A pure-Python, bring-your-own-I/O implementation of HTTP/1.1"
optional = false
python-versions = ">=3.8"
groups = ["main"]
files = [
    {file = "h11-0.16.0-py3-none-any.whl", hash = "sha256:63cf8bbe7522de3bf65932fda1d9c2772064ffb3dae62d55932da54b31cb6c86"},
    {file = "h11-0.16.0.tar.gz", hash = "sha256:4e35b956cf45792e4caa5885e69fba00bdbc6ffafbfa020300e549b208ee5ff1"},
]

[[package]]
name = "h2"
version = "4.3.0"
description = "Pure-Python HTTP/2 protocol implementation"
optional = false
python-versions = ">=3.9"
groups = ["main"]
files = [
    {file = "h2-4.3.0-py3-none-any.whl", hash = "sha256:c438f029a25f7945c69e0ccf0fb951dc3f73a5f6412981daee861431b70e2bdd"},
    {file = "h2-4.3.0.tar.gz", hash = "sha256:6c59efe4323fa18b47a632221a1888bd7fde6249819beda254aeca909f221bf1"},
]

[package.dependencies]
hpack = ">=4.1,<5"
hyperframe = ">=6.1,<7"

[[package]]
name = "hpack"
version = "4.1.0"
description = "Pure-Python HPACK header encoding"
optional = false
python-versions = ">=3.9"
groups = ["main"]
files = [
    {file = "hpack-4.1.0-py3-none-any.whl", hash = "sha256:157ac792668d995c657d93111f46b4535ed114f0c9c8d672271bbec7eae1b496"},
    {file = "hpack-4.1.0.tar.gz", hash = "sha256:ec5eca154f7056aa06f196a557655c5b009b382873ac8d1e66e79e87535f1dca"},
]

[[package]]
name = "httpcore"
version = "1.0.9"
description = "A minimal low-level HTTP client."
optional = false
python-versions = ">=3.8"
groups = ["main"]
files = [
    {file = "httpcore-1.0.9-py3-none-any.whl", hash = "sha256:2d400746a40668fc9dec9810239072b40b4484b640a8c38fd654a024c7a1bf55"},
    {file = "httpcore-1.0.9.tar.gz", hash = "sha256:6e34463af53fd2ab5d807f399a9b45ea31c3dfa2276f15a2c3f00afff6e176e8"},
]

[package.dependencies]
anyio = {version = ">=4.0,<5.0", optional = true, markers = "extra == \"asyncio\""}
certifi = "*"
h11 = ">=0.16"
h2 = {version = ">=3,<5", optional = true, markers = "extra == \"http2\""}

[package.extras]
asyncio = ["anyio (>=4.0,<5.0)"]
http2 = ["h2 (>=3,<5)"]
socks = ["socksio (==1.*)"]
trio = ["trio (>=0.22.0,<1.0)"]

[[package]]
name = "hyperframe"
version = "6.1.0"
description = "Pure-Python HTTP/2 framing"
optional = false
python-versions = ">=3.9"
groups = ["main"]
files = [
    {file = "hyperframe-6.1.0-py3-none-any.whl", hash = "sha256:b03380493a519fce58ea5af42e4a42317bf9bd425596f7a0835ffce80f1a42e5"},
    {file = "hyperframe-6.1.0.tar.gz", hash = "sha256:f630908a00854a7adeabd6382b43923a4c4cd4b821fcb527e6ab9e15382a3b08"},
]

[[package]]
name = "idna"
version = "3.11"
description = "Internationalized Domain Names in Applications (IDNA)"
optional = false
python-versions = ">=3.8"
groups = ["main"]
files = [
    {file = "idna-3.11-py3-none-any.whl", hash = "sha256:771a87f49d9defaf64091e6e6fe9c18d4833f140bd19464795bc32d966ca37ea"},
    {file = "idna-3.11.tar.gz", hash = "sha256:795dafcc9c04ed0c1fb032c2aa73654d8e8c5023a7df64a53f39190ada629902"},
]

[package.extras]
all = ["flake8 (>=7.1.1)", "mypy (>=1.11.2)", "pytest (>=8.3.2)", "ruff (>=0.6.2)"]

[[package]]
name = "isort"
version = "7.0.0"
description = "A Python utility / library to sort Python imports."
optional = false
python-versions = ">=3.10.0"
groups = ["main"]
files = [
    {file = "isort-7.0.0-py3-none-any.whl", hash = "sha256:1bcabac8bc3c36c7fb7b98a76c8abb18e0f841a3ba81decac7691008592499c1"},
    {file = "isort-7.0.0.tar.gz", hash = "sha256:5513527951aadb3ac4292a41a16cbc50dd1642432f5e8c20057d414bdafb4187"},
]

[package.extras]
colors = ["colorama"]
plugins = ["setuptools"]

[[package]]
name = "mccabe"
version = "0.7.0"
description = "McCabe checker, plugin for flake8"
optional = false
python-versions = ">=3.6"
groups = ["main"]
files = [
    {file = "mccabe-0.7.0-py2.py3-none-any.whl", hash = "sha256:6c2d30ab6be0e4a46919781807b4f0d834ebdd6c6e3dca0bda5a15f863427b6e"},
    {file = "mccabe-0.7.0.tar.gz", hash = "sha256:348e0240c33b60bbdf4e523192ef919f28cb2c3d7d5c7794f74009290f236325"},
]

[[package]]
name = "orjson"
version = "3.11.4"
description = "Fast, correct Python JSON library supporting dataclasses, datetimes, and numpy"
optional = false
python-versions = ">=3.9"
groups = ["main"]
files = [
    {file = "orjson-3.11.4-cp310-cp310-macosx_10_15_x86_64.macosx_11_0_arm64.macosx_10_15_universal2.whl", hash = "sha256:e3aa2118a3ece0d25489cbe48498de8a5d580e42e8d9979f65bf47900a15aba1"},
    {file = "orjson-3.11.4-cp310-cp310-manylinux_2_17_aarch64.manylinux2014_aarch64.whl", hash = "sha256:a69ab657a4e6733133a3dca82768f2f8b884043714e8d2b9ba9f52b6efef5c44"},
    {file = "orjson-3.11.4-cp310-cp310-manylinux_2_17_armv7l.manylinux2014_armv7l.whl", hash = "sha256:3740bffd9816fc0326ddc406098a3a8f387e42223f5f455f2a02a9f834ead80c"},
    {file = "orjson-3.11.4-cp310-cp310-manylinux_2_17_i686.manylinux2014_i686.whl", hash = "sha256:65fd2f5730b1bf7f350c6dc896173d3460d235c4be007af73986d7cd9a2acd23"},
    {file = "orjson-3.11.4-cp310-cp310-manylinux_2_17_ppc64le.manylinux2014_ppc64le.whl", hash = "sha256:9fdc3ae730541086158d549c97852e2eea6820665d4faf0f41bf99df41bc11ea"},
    {file = "orjson-3.11.4-cp310-cp310-manylinux_2_17_s390x.manylinux2014_s390x.whl", hash = "sha256:e10b4d65901da88845516ce9f7f9736f9638d19a1d483b3883dc0182e6e5edba"},
    {file = "orjson-3.11.4-cp310-cp310-manylinux_2_17_x86_64.manylinux2014_x86_64.whl", hash = "sha256:fb6a03a678085f64b97f9d4a9ae69376ce91a3a9e9b56a82b1580d8e1d501aff"},
    {file = "orjson-3.11.4-cp310-cp310-musllinux_1_2_aarch64.whl", hash = "sha256:2c82e4f0b1c712477317434761fbc28b044c838b6b1240d895607441412371ac"},
    {file = "orjson-3.11.4-cp310-cp310-musllinux_1_2_armv7l.whl", hash = "sha256:d58c166a18f44cc9e2bad03a327dc2d1a3d2e85b847133cfbafd6bfc6719bd79"},
    {file = "orjson-3.11.4-cp310-cp310-musllinux_1_2_i686.whl", hash = "sha256:94f206766bf1ea30e1382e4890f763bd1eefddc580e08fec1ccdc20ddd95c827"},
    {file = "orjson-3.11.4-cp310-cp310-musllinux_1_2_x86_64.whl", hash = "sha256:41bf25fb39a34cf8edb4398818523277ee7096689db352036a9e8437f2f3ee6b"},
    {file = "orjson-3.11.4-cp310-cp310-win32.whl", hash = "sha256:fa9627eba4e82f99ca6d29bc967f09aba446ee2b5a1ea728949ede73d313f5d3"},
    {file = "orjson-3.11.4-cp310-cp310-win_amd64.whl", hash = "sha256:23ef7abc7fca96632d8174ac115e668c1e931b8fe4dde586e92a500bf1914dcc"},
    {file = "orjson-3.11.4-cp311-cp311-macosx_10_15_x86_64.macosx_11_0_arm64.macosx_10_15_universal2.whl", hash = "sha256:5e59d23cd93ada23ec59a96f215139753fbfe3a4d989549bcb390f8c00370b39"},
    {file = "orjson-3.11.4-cp311-cp311-macosx_15_0_arm64.whl", hash = "sha256:5c3aedecfc1beb988c27c79d52ebefab93b6c3921dbec361167e6559aba2d36d"},
    {file = "orjson-3.11.4-cp311-cp311-manylinux_2_17_aarch64.manylinux2014_aarch64.whl", hash = "sha256:da9e5301f1c2caa2a9a4a303480d79c9ad73560b2e7761de742ab39fe59d9175"},
    {file = "orjson-3.11.4-cp311-cp311-manylinux_2_17_armv7l.manylinux2014_armv7l.whl", hash = "sha256:8873812c164a90a79f65368f8f96817e59e35d0cc02786a5356f0e2abed78040"},
    {file = "orjson-3.11.4-cp311-cp311-manylinux_2_17_i686.manylinux2014_i686.whl", hash = "sha256:5d7feb0741ebb15204e748f26c9638e6665a5fa93c37a2c73d64f1669b0ddc63"},
    {file = "orjson-3.11.4-cp311-cp311-manylinux_2_17_ppc64le.manylinux2014_ppc64le.whl", hash = "sha256:01ee5487fefee21e6910da4c2ee9eef005bee568a0879834df86f888d2ffbdd9"},
    {file = "orjson-3.11.4-cp311-cp311-manylinux_2_17_s390x.manylinux2014_s390x.whl", hash = "sha256:3d40d46f348c0321df01507f92b95a377240c4ec31985225a6668f10e2676f9a"},
    {file = "orjson-3.11.4-cp311-cp311-manylinux_2_17_x86_64.manylinux2014_x86_64.whl", hash = "sha256:95713e5fc8af84d8edc75b785d2386f653b63d62b16d681687746734b4dfc0be"},
    {file = "orjson-3.11.4-cp311-cp311-musllinux_1_2_aarch64.whl", hash = "sha256:ad73ede24f9083614d6c4ca9a85fe70e33be7bf047ec586ee2363bc7418fe4d7"},
    {file = "orjson-3.11.4-cp311-cp311-musllinux_1_2_armv7l.whl", hash = "sha256:842289889de515421f3f224ef9c1f1efb199a32d76d8d2ca2706fa8afe749549"},
    {file = "orjson-3.11.4-cp311-cp311-musllinux_1_2_i686.whl", hash = "sha256:3b2427ed5791619851c52a1261b45c233930977e7de8cf36de05636c708fa905"},
    {file = "orjson-3.11.4-cp311-cp311-musllinux_1_2_x86_64.whl", hash = "sha256:3c36e524af1d29982e9b190573677ea02781456b2e537d5840e4538a5ec41907"},
    {file = "orjson-3.11.4-cp311-cp311-win32.whl", hash = "sha256:87255b88756eab4a68ec61837ca754e5d10fa8bc47dc57f75cedfeaec358d54c"},
    {file = "orjson-3.11.4-cp311-cp311-win_amd64.whl", hash = "sha256:e2d5d5d798aba9a0e1fede8d853fa899ce2cb930ec0857365f700dffc2c7af6a"},
    {file = "orjson-3.11.4-cp311-cp311-win_arm64.whl", hash = "sha256:6bb6bb41b14c95d4f2702bce9975fda4516f1db48e500102fc4d8119032ff045"},
    {file = "orjson-3.11.4-cp312-cp312-macosx_10_15_x86_64.macosx_11_0_arm64.macosx_10_15_universal2.whl", hash = "sha256:d4371de39319d05d3f482f372720b841c841b52f5385bd99c61ed69d55d9ab50"},
    {file = "orjson-3.11.4-cp312-cp312-macosx_15_0_arm64.whl", hash = "sha256:e41fd3b3cac850eaae78232f37325ed7d7436e11c471246b87b2cd294ec94853"},
    {file = "orjson-3.11.4-cp312-cp312-manylinux_2_17_aarch64.manylinux2014_aarch64.whl", hash = "sha256:600e0e9ca042878c7fdf189cf1b028fe2c1418cc9195f6cb9824eb6ed99cb938"},
    {file = "orjson-3.11.4-cp312-cp312-manylinux_2_17_armv7l.manylinux2014_armv7l.whl", hash = "sha256:7bbf9b333f1568ef5da42bc96e18bf30fd7f8d54e9ae066d711056add508e415"},
    {file = "orjson-3.11.4-cp312-cp312-manylinux_2_17_i686.manylinux2014_i686.whl", hash = "sha256:4806363144bb6e7297b8e95870e78d30a649fdc4e23fc84daa80c8ebd366ce44"},
    {file = "orjson-3.11.4-cp312-cp312-manylinux_2_17_ppc64le.manylinux2014_ppc64le.whl", hash = "sha256:ad355e8308493f527d41154e9053b86a5be892b3b359a5c6d5d95cda23601cb2"},
    {file = "orjson-3.11.4-cp312-cp312-manylinux_2_17_s390x.manylinux2014_s390x.whl", hash = "sha256:c8a7517482667fb9f0ff1b2f16fe5829296ed7a655d04d68cd9711a4d8a4e708"},
    {file = "orjson-3.11.4-cp312-cp312-manylinux_2_17_x86_64.manylinux2014_x86_64.whl", hash = "sha256:97eb5942c7395a171cbfecc4ef6701fc3c403e762194683772df4c54cfbb2210"},
    {file = "orjson-3.11.4-cp312-cp312-musllinux_1_2_aarch64.whl", hash = "sha256:149d95d5e018bdd822e3f38c103b1a7c91f88d38a88aada5c4e9b3a73a244241"},
    {file = "orjson-3.11.4-cp312-cp312-musllinux_1_2_armv7l.whl", hash = "sha256:624f3951181eb46fc47dea3d221554e98784c823e7069edb5dbd0dc826ac909b"},
    {file = "orjson-3.11.4-cp312-cp312-musllinux_1_2_i686.whl", hash = "sha256:03bfa548cf35e3f8b3a96c4e8e41f753c686ff3d8e182ce275b1751deddab58c"},
    {file = "orjson-3.11.4-cp312-cp312-musllinux_1_2_x86_64.whl", hash = "sha256:525021896afef44a68148f6ed8a8bf8375553d6066c7f48537657f64823565b9"},
    {file = "orjson-3.11.4-cp312-cp312-win32.whl", hash = "sha256:b58430396687ce0f7d9eeb3dd47761ca7d8fda8e9eb92b3077a7a353a75efefa"},
    {file = "orjson-3.11.4-cp312-cp312-win_amd64.whl", hash = "sha256:c6dbf422894e1e3c80a177133c0dda260f81428f9de16d61041949f6a2e5c140"},
    {file = "orjson-3.11.4-cp312-cp312-win_arm64.whl", hash = "sha256:d38d2bc06d6415852224fcc9c0bfa834c25431e466dc319f0edd56cca81aa96e"},
    {file = "orjson-3.11.4-cp313-cp313-macosx_10_15_x86_64.macosx_11_0_arm64.macosx_10_15_universal2.whl", hash = "sha256:2d6737d0e616a6e053c8b4acc9eccea6b6cce078533666f32d140e4f85002534"},
    {file = "orjson-3.11.4-cp313-cp313-macosx_15_0_arm64.whl", hash = "sha256:afb14052690aa328cc118a8e09f07c651d301a72e44920b887c519b313d892ff"},
    {file = "orjson-3.11.4-cp313-cp313-manylinux_2_17_aarch64.manylinux2014_aarch64.whl", hash = "sha256:38aa9e65c591febb1b0aed8da4d469eba239d434c218562df179885c94e1a3ad"},
    {file = "orjson-3.11.4-cp313-cp313-manylinux_2_17_armv7l.manylinux2014_armv7l.whl", hash = "sha256:f2cf4dfaf9163b0728d061bebc1e08631875c51cd30bf47cb9e3293bfbd7dcd5"},
    {file = "orjson-3.11.4-cp313-cp313-manylinux_2_17_i686.manylinux2014_i686.whl", hash = "sha256:89216ff3dfdde0e4070932e126320a1752c9d9a758d6a32ec54b3b9334991a6a"},
    {file = "orjson-3.11.4-cp313-cp313-manylinux_2_17_ppc64le.manylinux2014_ppc64le.whl", hash = "sha256:9daa26ca8e97fae0ce8aa5d80606ef8f7914e9b129b6b5df9104266f764ce436"},
    {file = "orjson-3.11.4-cp313-cp313-manylinux_2_17_s390x.manylinux2014_s390x.whl", hash = "sha256:5c8b2769dc31883c44a9cd126560327767f848eb95f99c36c9932f51090bfce9"},
    {file = "orjson-3.11.4-cp313-cp313-manylinux_2_17_x86_64.manylinux2014_x86_64.whl", hash = "sha256:1469d254b9884f984026bd9b0fa5bbab477a4bfe558bba6848086f6d43eb5e73"},
    {file = "orjson-3.11.4-cp313-cp313-musllinux_1_2_aarch64.whl", hash = "sha256:68e44722541983614e37117209a194e8c3ad07838ccb3127d96863c95ec7f1e0"},
    {file = "orjson-3.11.4-cp313-cp313-musllinux_1_2_armv7l.whl", hash = "sha256:8e7805fda9672c12be2f22ae124dcd7b03928d6c197544fe12174b86553f3196"},
    {file = "orjson-3.11.4-cp313-cp313-musllinux_1_2_i686.whl", hash = "sha256:04b69c14615fb4434ab867bf6f38b2d649f6f300af30a6705397e895f7aec67a"},
    {file = "orjson-3.11.4-cp313-cp313-musllinux_1_2_x86_64.whl", hash = "sha256:639c3735b8ae7f970066930e58cf0ed39a852d417c24acd4a25fc0b3da3c39a6"},
    {file = "orjson-3.11.4-cp313-cp313-win32.whl", hash = "sha256:6c13879c0d2964335491463302a6ca5ad98105fc5db3565499dcb80b1b4bd839"},
    {file = "orjson-3.11.4-cp313-cp313-win_amd64.whl", hash = "sha256:09bf242a4af98732db9f9a1ec57ca2604848e16f132e3f72edfd3c5c96de009a"},
    {file = "orjson-3.11.4-cp313-cp313-win_arm64.whl", hash = "sha256:a85f0adf63319d6c1ba06fb0dbf997fced64a01179cf17939a6caca662bf92de"},
    {file = "orjson-3.11.4-cp314-cp314-macosx_10_15_x86_64.macosx_11_0_arm64.macosx_10_15_universal2.whl", hash = "sha256:42d43a1f552be1a112af0b21c10a5f553983c2a0938d2bbb8ecd8bc9fb572803"},
    {file = "orjson-3.11.4-cp314-cp314-macosx_15_0_arm64.whl", hash = "sha256:26a20f3fbc6c7ff2cb8e89c4c5897762c9d88cf37330c6a117312365d6781d54"},
    {file = "orjson-3.11.4-cp314-cp314-manylinux_2_17_aarch64.manylinux2014_aarch64.whl", hash = "sha256:6e3f20be9048941c7ffa8fc523ccbd17f82e24df1549d1d1fe9317712d19938e"},
    {file = "orjson-3.11.4-cp314-cp314-manylinux_2_17_armv7l.manylinux2014_armv7l.whl", hash = "sha256:aac364c758dc87a52e68e349924d7e4ded348dedff553889e4d9f22f74785316"},
    {file = "orjson-3.11.4-cp314-cp314-manylinux_2_17_i686.manylinux2014_i686.whl", hash = "sha256:d5c54a6d76e3d741dcc3f2707f8eeb9ba2a791d3adbf18f900219b62942803b1"},
    {file = "orjson-3.11.4-cp314-cp314-manylinux_2_17_ppc64le.manylinux2014_ppc64le.whl", hash = "sha256:f28485bdca8617b79d44627f5fb04336897041dfd9fa66d383a49d09d86798bc"},
    {file = "orjson-3.11.4-cp314-cp314-manylinux_2_17_s390x.manylinux2014_s390x.whl", hash = "sha256:bfc2a484cad3585e4ba61985a6062a4c2ed5c7925db6d39f1fa267c9d166487f"},
    {file = "orjson-3.11.4-cp314-cp314-manylinux_2_17_x86_64.manylinux2014_x86_64.whl", hash = "sha256:e34dbd508cb91c54f9c9788923daca129fe5b55c5b4eebe713bf5ed3791280cf"},
    {file = "orjson-3.11.4-cp314-cp314-musllinux_1_2_aarch64.whl", hash = "sha256:b13c478fa413d4b4ee606ec8e11c3b2e52683a640b006bb586b3041c2ca5f606"},
    {file = "orjson-3.11.4-cp314-cp314-musllinux_1_2_armv7l.whl", hash = "sha256:724ca721ecc8a831b319dcd72cfa370cc380db0bf94537f08f7edd0a7d4e1780"},
    {file = "orjson-3.11.4-cp314-cp314-musllinux_1_2_i686.whl", hash = "sha256:977c393f2e44845ce1b540e19a786e9643221b3323dae190668a98672d43fb23"},
    {file = "orjson-3.11.4-cp314-cp314-musllinux_1_2_x86_64.whl", hash = "sha256:1e539e382cf46edec157ad66b0b0872a90d829a6b71f17cb633d6c160a223155"},
    {file = "orjson-3.11.4-cp314-cp314-win32.whl", hash = "sha256:d63076d625babab9db5e7836118bdfa086e60f37d8a174194ae720161eb12394"},
    {file = "orjson-3.11.4-cp314-cp314-win_amd64.whl", hash = "sha256:0a54d6635fa3aaa438ae32e8570b9f0de36f3f6562c308d2a2a452e8b0592db1"},
    {file = "orjson-3.11.4-cp314-cp314-win_arm64.whl", hash = "sha256:78b999999039db3cf58f6d230f524f04f75f129ba3d1ca2ed121f8657e575d3d"},
    {file = "orjson-3.11.4-cp39-cp39-macosx_10_15_x86_64.macosx_11_0_arm64.macosx_10_15_universal2.whl", hash = "sha256:405261b0a8c62bcbd8e2931c26fdc08714faf7025f45531541e2b29e544b545b"},
    {file = "orjson-3.11.4-cp39-cp39-manylinux_2_17_aarch64.manylinux2014_aarch64.whl", hash = "sha256:af02ff34059ee9199a3546f123a6ab4c86caf1708c79042caf0820dc290a6d4f"},
    {file = "orjson-3.11.4-cp39-cp39-manylinux_2_17_armv7l.manylinux2014_armv7l.whl", hash = "sha256:0b2eba969ea4203c177c7b38b36c69519e6067ee68c34dc37081fac74c796e10"},
    {file = "orjson-3.11.4-cp39-cp39-manylinux_2_17_i686.manylinux2014_i686.whl", hash = "sha256:0baa0ea43cfa5b008a28d3c07705cf3ada40e5d347f0f44994a64b1b7b4b5350"},
    {file = "orjson-3.11.4-cp39-cp39-manylinux_2_17_ppc64le.manylinux2014_ppc64le.whl", hash = "sha256:80fd082f5dcc0e94657c144f1b2a3a6479c44ad50be216cf0c244e567f5eae19"},
    {file = "orjson-3.11.4-cp39-cp39-manylinux_2_17_s390x.manylinux2014_s390x.whl", hash = "sha256:1e3704d35e47d5bee811fb1cbd8599f0b4009b14d451c4c57be5a7e25eb89a13"},
    {file = "orjson-3.11.4-cp39-cp39-manylinux_2_17_x86_64.manylinux2014_x86_64.whl", hash = "sha256:caa447f2b5356779d914658519c874cf3b7629e99e63391ed519c28c8aea4919"},
    {file = "orjson-3.11.4-cp39-cp39-musllinux_1_2_aarch64.whl", hash = "sha256:bba5118143373a86f91dadb8df41d9457498226698ebdf8e11cbb54d5b0e802d"},
    {file = "orjson-3.11.4-cp39-cp39-musllinux_1_2_armv7l.whl", hash = "sha256:622463ab81d19ef3e06868b576551587de8e4d518892d1afab71e0fbc1f9cffc"},
    {file = "orjson-3.11.4-cp39-cp39-musllinux_1_2_i686.whl", hash = "sha256:3e0a700c4b82144b72946b6629968df9762552ee1344bfdb767fecdd634fbd5a"},
    {file = "orjson-3.11.4-cp39-cp39-musllinux_1_2_x86_64.whl", hash = "sha256:6e18a5c15e764e5f3fc569b47872450b4bcea24f2a6354c0a0e95ad21045d5a9"},
    {file = "orjson-3.11.4-cp39-cp39-win32.whl", hash = "sha256:fb1c37c71cad991ef4d89c7a634b5ffb4447dbd7ae3ae13e8f5ee7f1775e7ab1"},
    {file = "orjson-3.11.4-cp39-cp39-win_amd64.whl", hash = "sha256:e2985ce8b8c42d00492d0ed79f2bd2b6460d00f2fa671dfde4bf2e02f49bf5c6"},
    {file = "orjson-3.11.4.tar.gz", hash = "sha256:39485f4ab4c9b30a3943cfe99e1a213c4776fb69e8abd68f66b83d5a0b0fdc6d"},
]

[[package]]
name = "platformdirs"
version = "4.5.0"
description = "A small Python package for determining appropriate platform-specific dirs, e.g. a `user data dir`."
optional = false
python-versions = ">=3.10"
groups = ["main"]
files = [
    {file = "platformdirs-4.5.0-py3-none-any.whl", hash = "sha256:e578a81bb873cbb89a41fcc904c7ef523cc18284b7e3b3ccf06aca1403b7ebd3"},
    {file = "platformdirs-4.5.0.tar.gz", hash = "sha256:70ddccdd7c99fc5942e9fc25636a8b34d04c24b335100223152c2803e4063312"},
]

[package.extras]
docs = ["furo (>=2025.9.25)", "proselint (>=0.14)", "sphinx (>=8.2.3)", "sphinx-autodoc-typehints (>=3.2)"]
test = ["appdirs (==1.4.4)", "covdefaults (>=2.3)", "pytest (>=8.4.2)", "pytest-cov (>=7)", "pytest-mock (>=3.15.1)"]
type = ["mypy (>=1.18.2)"]

[[package]]
name = "protobuf"
version = "6.33.0"
description = ""
optional = false
python-versions = ">=3.9"
groups = ["main"]
files = [
    {file = "protobuf-6.33.0-cp310-abi3-win32.whl", hash = "sha256:d6101ded078042a8f17959eccd9236fb7a9ca20d3b0098bbcb91533a5680d035"},
    {file = "protobuf-6.33.0-cp310-abi3-win_amd64.whl", hash = "sha256:9a031d10f703f03768f2743a1c403af050b6ae1f3480e9c140f39c45f81b13ee"},
    {file = "protobuf-6.33.0-cp39-abi3-macosx_10_9_universal2.whl", hash = "sha256:905b07a65f1a4b72412314082c7dbfae91a9e8b68a0cc1577515f8df58ecf455"},
    {file = "protobuf-6.33.0-cp39-abi3-manylinux2014_aarch64.whl", hash = "sha256:e0697ece353e6239b90ee43a9231318302ad8353c70e6e45499fa52396debf90"},
    {file = "protobuf-6.33.0-cp39-abi3-manylinux2014_s390x.whl", hash = "sha256:e0a1715e4f27355afd9570f3ea369735afc853a6c3951a6afe1f80d8569ad298"},
    {file = "protobuf-6.33.0-cp39-abi3-manylinux2014_x86_64.whl", hash = "sha256:35be49fd3f4fefa4e6e2aacc35e8b837d6703c37a2168a55ac21e9b1bc7559ef"},
    {file = "protobuf-6.33.0-cp39-cp39-win32.whl", hash = "sha256:cd33a8e38ea3e39df66e1bbc462b076d6e5ba3a4ebbde58219d777223a7873d3"},
    {file = "protobuf-6.33.0-cp39-cp39-win_amd64.whl", hash = "sha256:c963e86c3655af3a917962c9619e1a6b9670540351d7af9439d06064e3317cc9"},
    {file = "protobuf-6.33.0-py3-none-any.whl", hash = "sha256:25c9e1963c6734448ea2d308cfa610e692b801304ba0908d7bfa564ac5132995"},
    {file = "protobuf-6.33.0.tar.gz", hash = "sha256:140303d5c8d2037730c548f8c7b93b20bb1dc301be280c378b82b8894589c954"},
]

[[package]]
name = "pylint"
version = "4.0.2"
description = "python code static checker"
optional = false
python-versions = ">=3.10.0"
groups = ["main"]
files = [
    {file = "pylint-4.0.2-py3-none-any.whl", hash = "sha256:9627ccd129893fb8ee8e8010261cb13485daca83e61a6f854a85528ee579502d"},
    {file = "pylint-4.0.2.tar.gz", hash = "sha256:9c22dfa52781d3b79ce86ab2463940f874921a3e5707bcfc98dd0c019945014e"},
]

[package.dependencies]
astroid = ">=4.0.1,<=4.1.dev0"
colorama = {version = ">=0.4.5", markers = "sys_platform == \"win32\""}
dill = [
    {version = ">=0.3.7", markers = "python_version >= \"3.12\""},
    {version = ">=0.3.6", markers = "python_version == \"3.11\""},
]
isort = ">=5,<5.13 || >5.13,<8"
mccabe = ">=0.6,<0.8"
platformdirs = ">=2.2"
tomlkit = ">=0.10.1"

[package.extras]
spelling = ["pyenchant (>=3.2,<4.0)"]
testutils = ["gitpython (>3)"]

[[package]]
name = "setuptools"
version = "80.9.0"
description = "Easily download, build, install, upgrade, and uninstall Python packages"
optional = false
python-versions = ">=3.9"
groups = ["main"]
files = [
    {file = "setuptools-80.9.0-py3-none-any.whl", hash = "sha256:062d34222ad13e0cc312a4c02d73f059e86a4acbfbdea8f8f76b28c99f306922"},
    {file = "setuptools-80.9.0.tar.gz", hash = "sha256:f36b47402ecde768dbfafc46e8e4207b4360c654f1f3bb84475f0a28628fb19c"},
]

[package.extras]
check = ["pytest-checkdocs (>=2.4)", "pytest-ruff (>=0.2.1) ; sys_platform != \"cygwin\"", "ruff (>=0.8.0) ; sys_platform != \"cygwin\""]
core = ["importlib_metadata (>=6) ; python_version < \"3.10\"", "jaraco.functools (>=4)", "jaraco.text (>=3.7)", "more_itertools", "more_itertools (>=8.8)", "packaging (>=24.2)", "platformdirs (>=4.2.2)", "tomli (>=2.0.1) ; python_version < \"3.11\"", "wheel (>=0.43.0)"]
cover = ["pytest-cov"]
doc = ["furo", "jaraco.packaging (>=9.3)", "jaraco.tidelift (>=1.4)", "pygments-github-lexers (==0.0.5)", "pyproject-hooks (!=1.1)", "rst.linker (>=1.9)", "sphinx (>=3.5)", "sphinx-favicon", "sphinx-inline-tabs", "sphinx-lint", "sphinx-notfound-page (>=1,<2)", "sphinx-reredirects", "sphinxcontrib-towncrier", "towncrier (<24.7)"]
enabler = ["pytest-enabler (>=2.2)"]
test = ["build[virtualenv] (>=1.0.3)", "filelock (>=3.4.0)", "ini2toml[lite] (>=0.14)", "jaraco.develop (>=7.21) ; python_version >= \"3.9\" and sys_platform != \"cygwin\"", "jaraco.envs (>=2.2)", "jaraco.path (>=3.7.2)", "jaraco.test (>=5.5)", "packaging (>=24.2)", "pip (>=19.1)", "pyproject-hooks (!=1.1)", "pytest (>=6,!=8.1.*)", "pytest-home (>=0.5)", "pytest-perf ; sys_platform != \"cygwin\"", "pytest-subprocess", "pytest-timeout", "pytest-xdist (>=3)", "tomli-w (>=1.0.0)", "virtualenv (>=13.0.0)", "wheel (>=0.44.0)"]
type = ["importlib_metadata (>=7.0.2) ; python_version < \"3.10\"", "jaraco.develop (>=7.21) ; sys_platform != \"cygwin\"", "mypy (==1.14.*)", "pytest-mypy"]

[[package]]
name = "sniffio"
version = "1.3.1"
description = "Sniff out which async library your code is running under"
optional = false
python-versions = ">=3.7"
groups = ["main"]
files = [
    {file = "sniffio-1.3.1-py3-none-any.whl", hash = "sha256:2f6da418d1f1e0fddd844478f41680e794e6051915791a034ff65e5f100525a2"},
    {file = "sniffio-1.3.1.tar.gz", hash = "sha256:f4324edc670a0f49750a81b895f35c3adb843cca46f0530f79fc1babb23789dc"},
]

[[package]]
name = "tomlkit"
version = "0.13.3"
description = "Style preserving TOML library"
optional = false
python-versions = ">=3.8"
groups = ["main"]
files = [
    {file = "tomlkit-0.13.3-py3-none-any.whl", hash = "sha256:c89c649d79ee40629a9fda55f8ace8c6a1b42deb912b2a8fd8d942ddadb606b0"},
    {file = "tomlkit-0.13.3.tar.gz", hash = "sha256:430cf247ee57df2b94ee3fbe588e71d362a941ebb545dec29b53961d61add2a1"},
]

[[package]]
name = "typing-extensions"
version = "4.15.0"
description = "Backported and Experimental Type Hints for Python 3.9+"
optional = false
python-versions = ">=3.9"
groups = ["main"]
files = [
    {file = "typing_extensions-4.15.0-py3-none-any.whl", hash = "sha256:f0fa19c6845758ab08074a0cfa8b7aecb71c999ca73d62883bc25cc018c4e548"},
    {file = "typing_extensions-4.15.0.tar.gz", hash = "sha256:0cea48d173cc12fa28ecabc3b837ea3cf6f38c6d1136f85cbaaf598984861466"},
]

[metadata]
lock-version = "2.1"
python-versions = "^3.11"
content-hash = "c11e8d0d6cba22584b5deb480928a95b10ca4fd9916f87f7ffc82c8cdfe14ae4"
